
Microsoft Visual Studio Solution File, Format Version 12.00
# Visual Studio Version 17
VisualStudioVersion = 17.3.32611.2
MinimumVisualStudioVersion = 10.0.40219.1
Project("{FAE04EC0-301F-11D3-BF4B-00C04F79EFBC}") = "Orleans.Results.Tests", "Orleans.Results.Tests.csproj", "{5217F47C-C839-4EA5-AEE5-16955816159C}"
EndProject
Global
	GlobalSection(SolutionConfigurationPlatforms) = preSolution
		Debug|Any CPU = Debug|Any CPU
		Release|Any CPU = Release|Any CPU
	EndGlobalSection
	GlobalSection(ProjectConfigurationPlatforms) = postSolution
		{5217F47C-C839-4EA5-AEE5-16955816159C}.Debug|Any CPU.ActiveCfg = Debug|Any CPU
		{5217F47C-C839-4EA5-AEE5-16955816159C}.Debug|Any CPU.Build.0 = Debug|Any CPU
		{5217F47C-C839-4EA5-AEE5-16955816159C}.Release|Any CPU.ActiveCfg = Release|Any CPU
		{5217F47C-C839-4EA5-AEE5-16955816159C}.Release|Any CPU.Build.0 = Release|Any CPU
	EndGlobalSection
	GlobalSection(SolutionProperties) = preSolution
		HideSolutionNode = FALSE
	EndGlobalSection
	GlobalSection(ExtensibilityGlobals) = postSolution
		SolutionGuid = {789A76CF-83E1-41BC-A462-DFEB0B3383EB}
	EndGlobalSection
EndGlobal
